
Microsoft Visual Studio Solution File, Format Version 12.00
# Visual Studio Version 17
VisualStudioVersion = 17.1.32127.271
MinimumVisualStudioVersion = 10.0.40219.1
Project("{9A19103F-16F7-4668-BE54-9A1E7A4F7556}") = "DatabaseViewerTemplate", "DatabaseViewerTemplate.csproj", "{7F04086C-3982-43A1-9EA1-14A36194DE54}"
EndProject
Project("{9A19103F-16F7-4668-BE54-9A1E7A4F7556}") = "DatabaseViewerModels", "DatabaseViewerModels\DatabaseViewerModels\DatabaseViewerModels.csproj", "{11AB4D66-311F-48B9-9974-80261082B12D}"
EndProject
Global
	GlobalSection(SolutionConfigurationPlatforms) = preSolution
		Debug|Any CPU = Debug|Any CPU
		Release|Any CPU = Release|Any CPU
	EndGlobalSection
	GlobalSection(ProjectConfigurationPlatforms) = postSolution
		{7F04086C-3982-43A1-9EA1-14A36194DE54}.Debug|Any CPU.ActiveCfg = Debug|Any CPU
		{7F04086C-3982-43A1-9EA1-14A36194DE54}.Debug|Any CPU.Build.0 = Debug|Any CPU
		{7F04086C-3982-43A1-9EA1-14A36194DE54}.Release|Any CPU.ActiveCfg = Release|Any CPU
		{7F04086C-3982-43A1-9EA1-14A36194DE54}.Release|Any CPU.Build.0 = Release|Any CPU
		{11AB4D66-311F-48B9-9974-80261082B12D}.Debug|Any CPU.ActiveCfg = Debug|Any CPU
		{11AB4D66-311F-48B9-9974-80261082B12D}.Debug|Any CPU.Build.0 = Debug|Any CPU
		{11AB4D66-311F-48B9-9974-80261082B12D}.Release|Any CPU.ActiveCfg = Release|Any CPU
		{11AB4D66-311F-48B9-9974-80261082B12D}.Release|Any CPU.Build.0 = Release|Any CPU
	EndGlobalSection
	GlobalSection(SolutionProperties) = preSolution
		HideSolutionNode = FALSE
	EndGlobalSection
	GlobalSection(ExtensibilityGlobals) = postSolution
		SolutionGuid = {2BAE8BD0-B537-44BD-98C2-5012B3B627FE}
	EndGlobalSection
EndGlobal
